
Microsoft Visual Studio Solution File, Format Version 12.00
# Visual Studio Version 17
VisualStudioVersion = 17.14.37614.0 d17.14
MinimumVisualStudioVersion = 10.0.40219.1
Project("{FAE04EC0-301F-11D3-BF4B-00C04F79EFBC}") = "QuizMaster", "QuizMaster.csproj", "{987B9249-8B59-4ED2-9907-506820BDA358}"
EndProject
Global
	GlobalSection(SolutionConfigurationPlatforms) = preSolution
		Debug|Any CPU = Debug|Any CPU
		Release|Any CPU = Release|Any CPU
	EndGlobalSection
	GlobalSection(ProjectConfigurationPlatforms) = postSolution
		{987B9249-8B59-4ED2-9907-506820BDA358}.Debug|Any CPU.ActiveCfg = Debug|Any CPU
		{987B9249-8B59-4ED2-9907-506820BDA358}.Debug|Any CPU.Build.0 = Debug|Any CPU
		{987B9249-8B59-4ED2-9907-506820BDA358}.Release|Any CPU.ActiveCfg = Release|Any CPU
		{987B9249-8B59-4ED2-9907-506820BDA358}.Release|Any CPU.Build.0 = Release|Any CPU
	EndGlobalSection
	GlobalSection(SolutionProperties) = preSolution
		HideSolutionNode = FALSE
	EndGlobalSection
	GlobalSection(ExtensibilityGlobals) = postSolution
		SolutionGuid = {7518AAD5-4819-47FF-86D8-4F2DFAD7EB6A}
	EndGlobalSection
EndGlobal
